// !$*UTF8*$!
{
	archiveVersion = 1;
	classes = {
	};
	objectVersion = 50;
	objects = {

/* Begin PBXBuildFile section */
		3B1B0181222E10740058CFE4 /* AppDelegate.m in Sources */ = {isa = PBXBuildFile; fileRef = 3B1B0180222E10740058CFE4 /* AppDelegate.m */; };
		3B1B0187222E10740058CFE4 /* Main.storyboard in Resources */ = {isa = PBXBuildFile; fileRef = 3B1B0185222E10740058CFE4 /* Main.storyboard */; };
		3B1B0189222E10760058CFE4 /* Assets.xcassets in Resources */ = {isa = PBXBuildFile; fileRef = 3B1B0188222E10760058CFE4 /* Assets.xcassets */; };
		3B1B018C222E10760058CFE4 /* LaunchScreen.storyboard in Resources */ = {isa = PBXBuildFile; fileRef = 3B1B018A222E10760058CFE4 /* LaunchScreen.storyboard */; };
		3B1B018F222E10760058CFE4 /* main.m in Sources */ = {isa = PBXBuildFile; fileRef = 3B1B018E222E10760058CFE4 /* main.m */; };
		3B1B0199222E10760058CFE4 /* LanguageDemoTests.m in Sources */ = {isa = PBXBuildFile; fileRef = 3B1B0198222E10760058CFE4 /* LanguageDemoTests.m */; };
		3B1B01A4222E10760058CFE4 /* LanguageDemoUITests.m in Sources */ = {isa = PBXBuildFile; fileRef = 3B1B01A3222E10760058CFE4 /* LanguageDemoUITests.m */; };
		3B1B01B6222E10A50058CFE4 /* LanguageManager.m in Sources */ = {isa = PBXBuildFile; fileRef = 3B1B01B4222E10A50058CFE4 /* LanguageManager.m */; };
		3B1B01B7222E10A50058CFE4 /* NSBundle+RCUtils.m in Sources */ = {isa = PBXBuildFile; fileRef = 3B1B01B5222E10A50058CFE4 /* NSBundle+RCUtils.m */; };
		3B1B01BA222E12400058CFE4 /* SHTabBarViewController.m in Sources */ = {isa = PBXBuildFile; fileRef = 3B1B01B9222E12400058CFE4 /* SHTabBarViewController.m */; };
		3B1B01BD222E12D20058CFE4 /* FirstViewController.m in Sources */ = {isa = PBXBuildFile; fileRef = 3B1B01BC222E12D20058CFE4 /* FirstViewController.m */; };
		3B1B01C0222E12F20058CFE4 /* SecondViewController.m in Sources */ = {isa = PBXBuildFile; fileRef = 3B1B01BF222E12F20058CFE4 /* SecondViewController.m */; };
		3B1B01C5222E442B0058CFE4 /* Localizable.strings in Resources */ = {isa = PBXBuildFile; fileRef = 3B1B01C7222E442B0058CFE4 /* Localizable.strings */; };
/* End PBXBuildFile section */

/* Begin PBXContainerItemProxy section */
		3B1B0195222E10760058CFE4 /* PBXContainerItemProxy */ = {
			isa = PBXContainerItemProxy;
			containerPortal = 3B1B0174222E10740058CFE4 /* Project object */;
			proxyType = 1;
			remoteGlobalIDString = 3B1B017B222E10740058CFE4;
			remoteInfo = LanguageDemo;
		};
		3B1B01A0222E10760058CFE4 /* PBXContainerItemProxy */ = {
			isa = PBXContainerItemProxy;
			containerPortal = 3B1B0174222E10740058CFE4 /* Project object */;
			proxyType = 1;
			remoteGlobalIDString = 3B1B017B222E10740058CFE4;
			remoteInfo = LanguageDemo;
		};
/* End PBXContainerItemProxy section */

/* Begin PBXFileReference section */
		3B1B017C222E10740058CFE4 /* LanguageDemo.app */ = {isa = PBXFileReference; explicitFileType = wrapper.application; includeInIndex = 0; path = LanguageDemo.app; sourceTree = BUILT_PRODUCTS_DIR; };
		3B1B017F222E10740058CFE4 /* AppDelegate.h */ = {isa = PBXFileReference; lastKnownFileType = sourcecode.c.h; path = AppDelegate.h; sourceTree = "<group>"; };
		3B1B0180222E10740058CFE4 /* AppDelegate.m */ = {isa = PBXFileReference; lastKnownFileType = sourcecode.c.objc; path = AppDelegate.m; sourceTree = "<group>"; };
		3B1B0186222E10740058CFE4 /* Base */ = {isa = PBXFileReference; lastKnownFileType = file.storyboard; name = Base; path = Base.lproj/Main.storyboard; sourceTree = "<group>"; };
		3B1B0188222E10760058CFE4 /* Assets.xcassets */ = {isa = PBXFileReference; lastKnownFileType = folder.assetcatalog; path = Assets.xcassets; sourceTree = "<group>"; };
		3B1B018B222E10760058CFE4 /* Base */ = {isa = PBXFileReference; lastKnownFileType = file.storyboard; name = Base; path = Base.lproj/LaunchScreen.storyboard; sourceTree = "<group>"; };
		3B1B018D222E10760058CFE4 /* Info.plist */ = {isa = PBXFileReference; lastKnownFileType = text.plist.xml; path = Info.plist; sourceTree = "<group>"; };
		3B1B018E222E10760058CFE4 /* main.m */ = {isa = PBXFileReference; lastKnownFileType = sourcecode.c.objc; path = main.m; sourceTree = "<group>"; };
		3B1B0194222E10760058CFE4 /* LanguageDemoTests.xctest */ = {isa = PBXFileReference; explicitFileType = wrapper.cfbundle; includeInIndex = 0; path = LanguageDemoTests.xctest; sourceTree = BUILT_PRODUCTS_DIR; };
		3B1B0198222E10760058CFE4 /* LanguageDemoTests.m */ = {isa = PBXFileReference; lastKnownFileType = sourcecode.c.objc; path = LanguageDemoTests.m; sourceTree = "<group>"; };
		3B1B019A222E10760058CFE4 /* Info.plist */ = {isa = PBXFileReference; lastKnownFileType = text.plist.xml; path = Info.plist; sourceTree = "<group>"; };
		3B1B019F222E10760058CFE4 /* LanguageDemoUITests.xctest */ = {isa = PBXFileReference; explicitFileType = wrapper.cfbundle; includeInIndex = 0; path = LanguageDemoUITests.xctest; sourceTree = BUILT_PRODUCTS_DIR; };
		3B1B01A3222E10760058CFE4 /* LanguageDemoUITests.m */ = {isa = PBXFileReference; lastKnownFileType = sourcecode.c.objc; path = LanguageDemoUITests.m; sourceTree = "<group>"; };
		3B1B01A5222E10760058CFE4 /* Info.plist */ = {isa = PBXFileReference; lastKnownFileType = text.plist.xml; path = Info.plist; sourceTree = "<group>"; };
		3B1B01B2222E10A50058CFE4 /* LanguageManager.h */ = {isa = PBXFileReference; fileEncoding = 4; lastKnownFileType = sourcecode.c.h; path = LanguageManager.h; sourceTree = "<group>"; };
		3B1B01B3222E10A50058CFE4 /* NSBundle+RCUtils.h */ = {isa = PBXFileReference; fileEncoding = 4; lastKnownFileType = sourcecode.c.h; path = "NSBundle+RCUtils.h"; sourceTree = "<group>"; };
		3B1B01B4222E10A50058CFE4 /* LanguageManager.m */ = {isa = PBXFileReference; fileEncoding = 4; lastKnownFileType = sourcecode.c.objc; path = LanguageManager.m; sourceTree = "<group>"; };
		3B1B01B5222E10A50058CFE4 /* NSBundle+RCUtils.m */ = {isa = PBXFileReference; fileEncoding = 4; lastKnownFileType = sourcecode.c.objc; path = "NSBundle+RCUtils.m"; sourceTree = "<group>"; };
		3B1B01B8222E12400058CFE4 /* SHTabBarViewController.h */ = {isa = PBXFileReference; lastKnownFileType = sourcecode.c.h; path = SHTabBarViewController.h; sourceTree = "<group>"; };
		3B1B01B9222E12400058CFE4 /* SHTabBarViewController.m */ = {isa = PBXFileReference; lastKnownFileType = sourcecode.c.objc; path = SHTabBarViewController.m; sourceTree = "<group>"; };
		3B1B01BB222E12D20058CFE4 /* FirstViewController.h */ = {isa = PBXFileReference; lastKnownFileType = sourcecode.c.h; path = FirstViewController.h; sourceTree = "<group>"; };
		3B1B01BC222E12D20058CFE4 /* FirstViewController.m */ = {isa = PBXFileReference; lastKnownFileType = sourcecode.c.objc; path = FirstViewController.m; sourceTree = "<group>"; };
		3B1B01BE222E12F20058CFE4 /* SecondViewController.h */ = {isa = PBXFileReference; lastKnownFileType = sourcecode.c.h; path = SecondViewController.h; sourceTree = "<group>"; };
		3B1B01BF222E12F20058CFE4 /* SecondViewController.m */ = {isa = PBXFileReference; lastKnownFileType = sourcecode.c.objc; path = SecondViewController.m; sourceTree = "<group>"; };
		3B1B01C1222E2E260058CFE4 /* zh-Hans */ = {isa = PBXFileReference; lastKnownFileType = text.plist.strings; name = "zh-Hans"; path = "zh-Hans.lproj/Main.strings"; sourceTree = "<group>"; };
		3B1B01C2222E2E260058CFE4 /* zh-Hans */ = {isa = PBXFileReference; lastKnownFileType = text.plist.strings; name = "zh-Hans"; path = "zh-Hans.lproj/LaunchScreen.strings"; sourceTree = "<group>"; };
		3B1B01C6222E442B0058CFE4 /* en */ = {isa = PBXFileReference; lastKnownFileType = text.plist.strings; name = en; path = en.lproj/Localizable.strings; sourceTree = "<group>"; };
		3B1B01C8222E442C0058CFE4 /* zh-Hans */ = {isa = PBXFileReference; lastKnownFileType = text.plist.strings; name = "zh-Hans"; path = "zh-Hans.lproj/Localizable.strings"; sourceTree = "<group>"; };
/* End PBXFileReference section */

/* Begin PBXFrameworksBuildPhase section */
		3B1B0179222E10740058CFE4 /* Frameworks */ = {
			isa = PBXFrameworksBuildPhase;
			buildActionMask = 2147483647;
			files = (
			);
			runOnlyForDeploymentPostprocessing = 0;
		};
		3B1B0191222E10760058CFE4 /* Frameworks */ = {
			isa = PBXFrameworksBuildPhase;
			buildActionMask = 2147483647;
			files = (
			);
			runOnlyForDeploymentPostprocessing = 0;
		};
		3B1B019C222E10760058CFE4 /* Frameworks */ = {
			isa = PBXFrameworksBuildPhase;
			buildActionMask = 2147483647;
			files = (
			);
			runOnlyForDeploymentPostprocessing = 0;
		};
/* End PBXFrameworksBuildPhase section */

/* Begin PBXGroup section */
		3B1B0173222E10740058CFE4 = {
			isa = PBXGroup;
			children = (
				3B1B017E222E10740058CFE4 /* LanguageDemo */,
				3B1B0197222E10760058CFE4 /* LanguageDemoTests */,
				3B1B01A2222E10760058CFE4 /* LanguageDemoUITests */,
				3B1B017D222E10740058CFE4 /* Products */,
			);
			sourceTree = "<group>";
		};
		3B1B017D222E10740058CFE4 /* Products */ = {
			isa = PBXGroup;
			children = (
				3B1B017C222E10740058CFE4 /* LanguageDemo.app */,
				3B1B0194222E10760058CFE4 /* LanguageDemoTests.xctest */,
				3B1B019F222E10760058CFE4 /* LanguageDemoUITests.xctest */,
			);
			name = Products;
			sourceTree = "<group>";
		};
		3B1B017E222E10740058CFE4 /* LanguageDemo */ = {
			isa = PBXGroup;
			children = (
				3B1B01B1222E10A50058CFE4 /* LanguageUtility */,
				3B1B017F222E10740058CFE4 /* AppDelegate.h */,
				3B1B0180222E10740058CFE4 /* AppDelegate.m */,
				3B1B01B8222E12400058CFE4 /* SHTabBarViewController.h */,
				3B1B01B9222E12400058CFE4 /* SHTabBarViewController.m */,
				3B1B01BB222E12D20058CFE4 /* FirstViewController.h */,
				3B1B01BC222E12D20058CFE4 /* FirstViewController.m */,
				3B1B01BE222E12F20058CFE4 /* SecondViewController.h */,
				3B1B01BF222E12F20058CFE4 /* SecondViewController.m */,
				3B1B01C7222E442B0058CFE4 /* Localizable.strings */,
				3B1B0185222E10740058CFE4 /* Main.storyboard */,
				3B1B0188222E10760058CFE4 /* Assets.xcassets */,
				3B1B018A222E10760058CFE4 /* LaunchScreen.storyboard */,
				3B1B018D222E10760058CFE4 /* Info.plist */,
				3B1B018E222E10760058CFE4 /* main.m */,
			);
			path = LanguageDemo;
			sourceTree = "<group>";
		};
		3B1B0197222E10760058CFE4 /* LanguageDemoTests */ = {
			isa = PBXGroup;
			children = (
				3B1B0198222E10760058CFE4 /* LanguageDemoTests.m */,
				3B1B019A222E10760058CFE4 /* Info.plist */,
			);
			path = LanguageDemoTests;
			sourceTree = "<group>";
		};
		3B1B01A2222E10760058CFE4 /* LanguageDemoUITests */ = {
			isa = PBXGroup;
			children = (
				3B1B01A3222E10760058CFE4 /* LanguageDemoUITests.m */,
				3B1B01A5222E10760058CFE4 /* Info.plist */,
			);
			path = LanguageDemoUITests;
			sourceTree = "<group>";
		};
		3B1B01B1222E10A50058CFE4 /* LanguageUtility */ = {
			isa = PBXGroup;
			children = (
				3B1B01B2222E10A50058CFE4 /* LanguageManager.h */,
				3B1B01B4222E10A50058CFE4 /* LanguageManager.m */,
				3B1B01B3222E10A50058CFE4 /* NSBundle+RCUtils.h */,
				3B1B01B5222E10A50058CFE4 /* NSBundle+RCUtils.m */,
			);
			path = LanguageUtility;
			sourceTree = "<group>";
		};
/* End PBXGroup section */

/* Begin PBXNativeTarget section */
		3B1B017B222E10740058CFE4 /* LanguageDemo */ = {
			isa = PBXNativeTarget;
			buildConfigurationList = 3B1B01A8222E10760058CFE4 /* Build configuration list for PBXNativeTarget "LanguageDemo" */;
			buildPhases = (
				3B1B0178222E10740058CFE4 /* Sources */,
				3B1B0179222E10740058CFE4 /* Frameworks */,
				3B1B017A222E10740058CFE4 /* Resources */,
			);
			buildRules = (
			);
			dependencies = (
			);
			name = LanguageDemo;
			productName = LanguageDemo;
			productReference = 3B1B017C222E10740058CFE4 /* LanguageDemo.app */;
			productType = "com.apple.product-type.application";
		};
		3B1B0193222E10760058CFE4 /* LanguageDemoTests */ = {
			isa = PBXNativeTarget;
			buildConfigurationList = 3B1B01AB222E10760058CFE4 /* Build configuration list for PBXNativeTarget "LanguageDemoTests" */;
			buildPhases = (
				3B1B0190222E10760058CFE4 /* Sources */,
				3B1B0191222E10760058CFE4 /* Frameworks */,
				3B1B0192222E10760058CFE4 /* Resources */,
			);
			buildRules = (
			);
			dependencies = (
				3B1B0196222E10760058CFE4 /* PBXTargetDependency */,
			);
			name = LanguageDemoTests;
			productName = LanguageDemoTests;
			productReference = 3B1B0194222E10760058CFE4 /* LanguageDemoTests.xctest */;
			productType = "com.apple.product-type.bundle.unit-test";
		};
		3B1B019E222E10760058CFE4 /* LanguageDemoUITests */ = {
			isa = PBXNativeTarget;
			buildConfigurationList = 3B1B01AE222E10760058CFE4 /* Build configuration list for PBXNativeTarget "LanguageDemoUITests" */;
			buildPhases = (
				3B1B019B222E10760058CFE4 /* Sources */,
				3B1B019C222E10760058CFE4 /* Frameworks */,
				3B1B019D222E10760058CFE4 /* Resources */,
			);
			buildRules = (
			);
			dependencies = (
				3B1B01A1222E10760058CFE4 /* PBXTargetDependency */,
			);
			name = LanguageDemoUITests;
			productName = LanguageDemoUITests;
			productReference = 3B1B019F222E10760058CFE4 /* LanguageDemoUITests.xctest */;
			productType = "com.apple.product-type.bundle.ui-testing";
		};
/* End PBXNativeTarget section */

/* Begin PBXProject section */
		3B1B0174222E10740058CFE4 /* Project object */ = {
			isa = PBXProject;
			attributes = {
				LastUpgradeCheck = 1010;
				ORGANIZATIONNAME = HarrySun;
				TargetAttributes = {
					3B1B017B222E10740058CFE4 = {
						CreatedOnToolsVersion = 10.1;
					};
					3B1B0193222E10760058CFE4 = {
						CreatedOnToolsVersion = 10.1;
						TestTargetID = 3B1B017B222E10740058CFE4;
					};
					3B1B019E222E10760058CFE4 = {
						CreatedOnToolsVersion = 10.1;
						TestTargetID = 3B1B017B222E10740058CFE4;
					};
				};
			};
			buildConfigurationList = 3B1B0177222E10740058CFE4 /* Build configuration list for PBXProject "LanguageDemo" */;
			compatibilityVersion = "Xcode 9.3";
			developmentRegion = en;
			hasScannedForEncodings = 0;
			knownRegions = (
				en,
				Base,
				"zh-Hans",
			);
			mainGroup = 3B1B0173222E10740058CFE4;
			productRefGroup = 3B1B017D222E10740058CFE4 /* Products */;
			projectDirPath = "";
			projectRoot = "";
			targets = (
				3B1B017B222E10740058CFE4 /* LanguageDemo */,
				3B1B0193222E10760058CFE4 /* LanguageDemoTests */,
				3B1B019E222E10760058CFE4 /* LanguageDemoUITests */,
			);
		};
/* End PBXProject section */

/* Begin PBXResourcesBuildPhase section */
		3B1B017A222E10740058CFE4 /* Resources */ = {
			isa = PBXResourcesBuildPhase;
			buildActionMask = 2147483647;
			files = (
				3B1B018C222E10760058CFE4 /* LaunchScreen.storyboard in Resources */,
				3B1B01C5222E442B0058CFE4 /* Localizable.strings in Resources */,
				3B1B0189222E10760058CFE4 /* Assets.xcassets in Resources */,
				3B1B0187222E10740058CFE4 /* Main.storyboard in Resources */,
			);
			runOnlyForDeploymentPostprocessing = 0;
		};
		3B1B0192222E10760058CFE4 /* Resources */ = {
			isa = PBXResourcesBuildPhase;
			buildActionMask = 2147483647;
			files = (
			);
			runOnlyForDeploymentPostprocessing = 0;
		};
		3B1B019D222E10760058CFE4 /* Resources */ = {
			isa = PBXResourcesBuildPhase;
			buildActionMask = 2147483647;
			files = (
			);
			runOnlyForDeploymentPostprocessing = 0;
		};
/* End PBXResourcesBuildPhase section */

/* Begin PBXSourcesBuildPhase section */
		3B1B0178222E10740058CFE4 /* Sources */ = {
			isa = PBXSourcesBuildPhase;
			buildActionMask = 2147483647;
			files = (
				3B1B01BA222E12400058CFE4 /* SHTabBarViewController.m in Sources */,
				3B1B01BD222E12D20058CFE4 /* FirstViewController.m in Sources */,
				3B1B018F222E10760058CFE4 /* main.m in Sources */,
				3B1B01C0222E12F20058CFE4 /* SecondViewController.m in Sources */,
				3B1B0181222E10740058CFE4 /* AppDelegate.m in Sources */,
				3B1B01B7222E10A50058CFE4 /* NSBundle+RCUtils.m in Sources */,
				3B1B01B6222E10A50058CFE4 /* LanguageManager.m in Sources */,
			);
			runOnlyForDeploymentPostprocessing = 0;
		};
		3B1B0190222E10760058CFE4 /* Sources */ = {
			isa = PBXSourcesBuildPhase;
			buildActionMask = 2147483647;
			files = (
				3B1B0199222E10760058CFE4 /* LanguageDemoTests.m in Sources */,
			);
			runOnlyForDeploymentPostprocessing = 0;
		};
		3B1B019B222E10760058CFE4 /* Sources */ = {
			isa = PBXSourcesBuildPhase;
			buildActionMask = 2147483647;
			files = (
				3B1B01A4222E10760058CFE4 /* LanguageDemoUITests.m in Sources */,
			);
			runOnlyForDeploymentPostprocessing = 0;
		};
/* End PBXSourcesBuildPhase section */

/* Begin PBXTargetDependency section */
		3B1B0196222E10760058CFE4 /* PBXTargetDependency */ = {
			isa = PBXTargetDependency;
			target = 3B1B017B222E10740058CFE4 /* LanguageDemo */;
			targetProxy = 3B1B0195222E10760058CFE4 /* PBXContainerItemProxy */;
		};
		3B1B01A1222E10760058CFE4 /* PBXTargetDependency */ = {
			isa = PBXTargetDependency;
			target = 3B1B017B222E10740058CFE4 /* LanguageDemo */;
			targetProxy = 3B1B01A0222E10760058CFE4 /* PBXContainerItemProxy */;
		};
/* End PBXTargetDependency section */

/* Begin PBXVariantGroup section */
		3B1B0185222E10740058CFE4 /* Main.storyboard */ = {
			isa = PBXVariantGroup;
			children = (
				3B1B0186222E10740058CFE4 /* Base */,
				3B1B01C1222E2E260058CFE4 /* zh-Hans */,
			);
			name = Main.storyboard;
			sourceTree = "<group>";
		};
		3B1B018A222E10760058CFE4 /* LaunchScreen.storyboard */ = {
			isa = PBXVariantGroup;
			children = (
				3B1B018B222E10760058CFE4 /* Base */,
				3B1B01C2222E2E260058CFE4 /* zh-Hans */,
			);
			name = LaunchScreen.storyboard;
			sourceTree = "<group>";
		};
		3B1B01C7222E442B0058CFE4 /* Localizable.strings */ = {
			isa = PBXVariantGroup;
			children = (
				3B1B01C6222E442B0058CFE4 /* en */,
				3B1B01C8222E442C0058CFE4 /* zh-Hans */,
			);
			name = Localizable.strings;
			sourceTree = "<group>";
		};
/* End PBXVariantGroup section */

/* Begin XCBuildConfiguration section */
		3B1B01A6222E10760058CFE4 /* Debug */ = {
			isa = XCBuildConfiguration;
			buildSettings = {
				ALWAYS_SEARCH_USER_PATHS = NO;
				CLANG_ANALYZER_LOCALIZABILITY_NONLOCALIZED = YES;
				CLANG_ANALYZER_NONNULL = YES;
				CLANG_ANALYZER_NUMBER_OBJECT_CONVERSION = YES_AGGRESSIVE;
				CLANG_CXX_LANGUAGE_STANDARD = "gnu++14";
				CLANG_CXX_LIBRARY = "libc++";
				CLANG_ENABLE_MODULES = YES;
				CLANG_ENABLE_OBJC_ARC = YES;
				CLANG_ENABLE_OBJC_WEAK = YES;
				CLANG_WARN_BLOCK_CAPTURE_AUTORELEASING = YES;
				CLANG_WARN_BOOL_CONVERSION = YES;
				CLANG_WARN_COMMA = YES;
				CLANG_WARN_CONSTANT_CONVERSION = YES;
				CLANG_WARN_DEPRECATED_OBJC_IMPLEMENTATIONS = YES;
				CLANG_WARN_DIRECT_OBJC_ISA_USAGE = YES_ERROR;
				CLANG_WARN_DOCUMENTATION_COMMENTS = YES;
				CLANG_WARN_EMPTY_BODY = YES;
				CLANG_WARN_ENUM_CONVERSION = YES;
				CLANG_WARN_INFINITE_RECURSION = YES;
				CLANG_WARN_INT_CONVERSION = YES;
				CLANG_WARN_NON_LITERAL_NULL_CONVERSION = YES;
				CLANG_WARN_OBJC_IMPLICIT_RETAIN_SELF = YES;
				CLANG_WARN_OBJC_LITERAL_CONVERSION = YES;
				CLANG_WARN_OBJC_ROOT_CLASS = YES_ERROR;
				CLANG_WARN_RANGE_LOOP_ANALYSIS = YES;
				CLANG_WARN_STRICT_PROTOTYPES = YES;
				CLANG_WARN_SUSPICIOUS_MOVE = YES;
				CLANG_WARN_UNGUARDED_AVAILABILITY = YES_AGGRESSIVE;
				CLANG_WARN_UNREACHABLE_CODE = YES;
				CLANG_WARN__DUPLICATE_METHOD_MATCH = YES;
				CODE_SIGN_IDENTITY = "iPhone Developer";
				COPY_PHASE_STRIP = NO;
				DEBUG_INFORMATION_FORMAT = dwarf;
				ENABLE_STRICT_OBJC_MSGSEND = YES;
				ENABLE_TESTABILITY = YES;
				GCC_C_LANGUAGE_STANDARD = gnu11;
				GCC_DYNAMIC_NO_PIC = NO;
				GCC_NO_COMMON_BLOCKS = YES;
				GCC_OPTIMIZATION_LEVEL = 0;
				GCC_PREPROCESSOR_DEFINITIONS = (
					"DEBUG=1",
					"$(inherited)",
				);
				GCC_WARN_64_TO_32_BIT_CONVERSION = YES;
				GCC_WARN_ABOUT_RETURN_TYPE = YES_ERROR;
				GCC_WARN_UNDECLARED_SELECTOR = YES;
				GCC_WARN_UNINITIALIZED_AUTOS = YES_AGGRESSIVE;
				GCC_WARN_UNUSED_FUNCTION = YES;
				GCC_WARN_UNUSED_VARIABLE = YES;
				IPHONEOS_DEPLOYMENT_TARGET = 12.1;
				MTL_ENABLE_DEBUG_INFO = INCLUDE_SOURCE;
				MTL_FAST_MATH = YES;
				ONLY_ACTIVE_ARCH = YES;
				SDKROOT = iphoneos;
			};
			name = Debug;
		};
		3B1B01A7222E10760058CFE4 /* Release */ = {
			isa = XCBuildConfiguration;
			buildSettings = {
				ALWAYS_SEARCH_USER_PATHS = NO;
				CLANG_ANALYZER_LOCALIZABILITY_NONLOCALIZED = YES;
				CLANG_ANALYZER_NONNULL = YES;
				CLANG_ANALYZER_NUMBER_OBJECT_CONVERSION = YES_AGGRESSIVE;
				CLANG_CXX_LANGUAGE_STANDARD = "gnu++14";
				CLANG_CXX_LIBRARY = "libc++";
				CLANG_ENABLE_MODULES = YES;
				CLANG_ENABLE_OBJC_ARC = YES;
				CLANG_ENABLE_OBJC_WEAK = YES;
				CLANG_WARN_BLOCK_CAPTURE_AUTORELEASING = YES;
				CLANG_WARN_BOOL_CONVERSION = YES;
				CLANG_WARN_COMMA = YES;
				CLANG_WARN_CONSTANT_CONVERSION = YES;
				CLANG_WARN_DEPRECATED_OBJC_IMPLEMENTATIONS = YES;
				CLANG_WARN_DIRECT_OBJC_ISA_USAGE = YES_ERROR;
				CLANG_WARN_DOCUMENTATION_COMMENTS = YES;
				CLANG_WARN_EMPTY_BODY = YES;
				CLANG_WARN_ENUM_CONVERSION = YES;
				CLANG_WARN_INFINITE_RECURSION = YES;
				CLANG_WARN_INT_CONVERSION = YES;
				CLANG_WARN_NON_LITERAL_NULL_CONVERSION = YES;
				CLANG_WARN_OBJC_IMPLICIT_RETAIN_SELF = YES;
				CLANG_WARN_OBJC_LITERAL_CONVERSION = YES;
				CLANG_WARN_OBJC_ROOT_CLASS = YES_ERROR;
				CLANG_WARN_RANGE_LOOP_ANALYSIS = YES;
				CLANG_WARN_STRICT_PROTOTYPES = YES;
				CLANG_WARN_SUSPICIOUS_MOVE = YES;
				CLANG_WARN_UNGUARDED_AVAILABILITY = YES_AGGRESSIVE;
				CLANG_WARN_UNREACHABLE_CODE = YES;
				CLANG_WARN__DUPLICATE_METHOD_MATCH = YES;
				CODE_SIGN_IDENTITY = "iPhone Developer";
				COPY_PHASE_STRIP = NO;
				DEBUG_INFORMATION_FORMAT = "dwarf-with-dsym";
				ENABLE_NS_ASSERTIONS = NO;
				ENABLE_STRICT_OBJC_MSGSEND = YES;
				GCC_C_LANGUAGE_STANDARD = gnu11;
				GCC_NO_COMMON_BLOCKS = YES;
				GCC_WARN_64_TO_32_BIT_CONVERSION = YES;
				GCC_WARN_ABOUT_RETURN_TYPE = YES_ERROR;
				GCC_WARN_UNDECLARED_SELECTOR = YES;
				GCC_WARN_UNINITIALIZED_AUTOS = YES_AGGRESSIVE;
				GCC_WARN_UNUSED_FUNCTION = YES;
				GCC_WARN_UNUSED_VARIABLE = YES;
				IPHONEOS_DEPLOYMENT_TARGET = 12.1;
				MTL_ENABLE_DEBUG_INFO = NO;
				MTL_FAST_MATH = YES;
				SDKROOT = iphoneos;
				VALIDATE_PRODUCT = YES;
			};
			name = Release;
		};
		3B1B01A9222E10760058CFE4 /* Debug */ = {
			isa = XCBuildConfiguration;
			buildSettings = {
				ASSETCATALOG_COMPILER_APPICON_NAME = AppIcon;
				CODE_SIGN_STYLE = Automatic;
				DEVELOPMENT_TEAM = 3T8XA4F59Q;
				INFOPLIST_FILE = LanguageDemo/Info.plist;
				LD_RUNPATH_SEARCH_PATHS = (
					"$(inherited)",
					"@executable_path/Frameworks",
				);
				PRODUCT_BUNDLE_IDENTIFIER = cn.rongcloud.LanguageDemo;
				PRODUCT_NAME = "$(TARGET_NAME)";
				TARGETED_DEVICE_FAMILY = "1,2";
			};
			name = Debug;
		};
		3B1B01AA222E10760058CFE4 /* Release */ = {
			isa = XCBuildConfiguration;
			buildSettings = {
				ASSETCATALOG_COMPILER_APPICON_NAME = AppIcon;
				CODE_SIGN_STYLE = Automatic;
				DEVELOPMENT_TEAM = 3T8XA4F59Q;
				INFOPLIST_FILE = LanguageDemo/Info.plist;
				LD_RUNPATH_SEARCH_PATHS = (
					"$(inherited)",
					"@executable_path/Frameworks",
				);
				PRODUCT_BUNDLE_IDENTIFIER = cn.rongcloud.LanguageDemo;
				PRODUCT_NAME = "$(TARGET_NAME)";
				TARGETED_DEVICE_FAMILY = "1,2";
			};
			name = Release;
		};
		3B1B01AC222E10760058CFE4 /* Debug */ = {
			isa = XCBuildConfiguration;
			buildSettings = {
				BUNDLE_LOADER = "$(TEST_HOST)";
				CODE_SIGN_STYLE = Automatic;
				DEVELOPMENT_TEAM = 3T8XA4F59Q;
				INFOPLIST_FILE = LanguageDemoTests/Info.plist;
				LD_RUNPATH_SEARCH_PATHS = (
					"$(inherited)",
					"@executable_path/Frameworks",
					"@loader_path/Frameworks",
				);
				PRODUCT_BUNDLE_IDENTIFIER = cn.rongcloud.LanguageDemoTests;
				PRODUCT_NAME = "$(TARGET_NAME)";
				TARGETED_DEVICE_FAMILY = "1,2";
				TEST_HOST = "$(BUILT_PRODUCTS_DIR)/LanguageDemo.app/LanguageDemo";
			};
			name = Debug;
		};
		3B1B01AD222E10760058CFE4 /* Release */ = {
			isa = XCBuildConfiguration;
			buildSettings = {
				BUNDLE_LOADER = "$(TEST_HOST)";
				CODE_SIGN_STYLE = Automatic;
				DEVELOPMENT_TEAM = 3T8XA4F59Q;
				INFOPLIST_FILE = LanguageDemoTests/Info.plist;
				LD_RUNPATH_SEARCH_PATHS = (
					"$(inherited)",
					"@executable_path/Frameworks",
					"@loader_path/Frameworks",
				);
				PRODUCT_BUNDLE_IDENTIFIER = cn.rongcloud.LanguageDemoTests;
				PRODUCT_NAME = "$(TARGET_NAME)";
				TARGETED_DEVICE_FAMILY = "1,2";
				TEST_HOST = "$(BUILT_PRODUCTS_DIR)/LanguageDemo.app/LanguageDemo";
			};
			name = Release;
		};
		3B1B01AF222E10760058CFE4 /* Debug */ = {
			isa = XCBuildConfiguration;
			buildSettings = {
				CODE_SIGN_STYLE = Automatic;
				DEVELOPMENT_TEAM = 3T8XA4F59Q;
				INFOPLIST_FILE = LanguageDemoUITests/Info.plist;
				LD_RUNPATH_SEARCH_PATHS = (
					"$(inherited)",
					"@executable_path/Frameworks",
					"@loader_path/Frameworks",
				);
				PRODUCT_BUNDLE_IDENTIFIER = cn.rongcloud.LanguageDemoUITests;
				PRODUCT_NAME = "$(TARGET_NAME)";
				TARGETED_DEVICE_FAMILY = "1,2";
				TEST_TARGET_NAME = LanguageDemo;
			};
			name = Debug;
		};
		3B1B01B0222E10760058CFE4 /* Release */ = {
			isa = XCBuildConfiguration;
			buildSettings = {
				CODE_SIGN_STYLE = Automatic;
				DEVELOPMENT_TEAM = 3T8XA4F59Q;
				INFOPLIST_FILE = LanguageDemoUITests/Info.plist;
				LD_RUNPATH_SEARCH_PATHS = (
					"$(inherited)",
					"@executable_path/Frameworks",
					"@loader_path/Frameworks",
				);
				PRODUCT_BUNDLE_IDENTIFIER = cn.rongcloud.LanguageDemoUITests;
				PRODUCT_NAME = "$(TARGET_NAME)";
				TARGETED_DEVICE_FAMILY = "1,2";
				TEST_TARGET_NAME = LanguageDemo;
			};
			name = Release;
		};
/* End XCBuildConfiguration section */

/* Begin XCConfigurationList section */
		3B1B0177222E10740058CFE4 /* Build configuration list for PBXProject "LanguageDemo" */ = {
			isa = XCConfigurationList;
			buildConfigurations = (
				3B1B01A6222E10760058CFE4 /* Debug */,
				3B1B01A7222E10760058CFE4 /* Release */,
			);
			defaultConfigurationIsVisible = 0;
			defaultConfigurationName = Release;
		};
		3B1B01A8222E10760058CFE4 /* Build configuration list for PBXNativeTarget "LanguageDemo" */ = {
			isa = XCConfigurationList;
			buildConfigurations = (
				3B1B01A9222E10760058CFE4 /* Debug */,
				3B1B01AA222E10760058CFE4 /* Release */,
			);
			defaultConfigurationIsVisible = 0;
			defaultConfigurationName = Release;
		};
		3B1B01AB222E10760058CFE4 /* Build configuration list for PBXNativeTarget "LanguageDemoTests" */ = {
			isa = XCConfigurationList;
			buildConfigurations = (
				3B1B01AC222E10760058CFE4 /* Debug */,
				3B1B01AD222E10760058CFE4 /* Release */,
			);
			defaultConfigurationIsVisible = 0;
			defaultConfigurationName = Release;
		};
		3B1B01AE222E10760058CFE4 /* Build configuration list for PBXNativeTarget "LanguageDemoUITests" */ = {
			isa = XCConfigurationList;
			buildConfigurations = (
				3B1B01AF222E10760058CFE4 /* Debug */,
				3B1B01B0222E10760058CFE4 /* Release */,
			);
			defaultConfigurationIsVisible = 0;
			defaultConfigurationName = Release;
		};
/* End XCConfigurationList section */
	};
	rootObject = 3B1B0174222E10740058CFE4 /* Project object */;
}
